PODS:
  - DependencyAsPod (1.0.0)
  - DynamicFrameworkSample (1.0.0):
    - DependencyAsPod

DEPENDENCIES:
  - DependencyAsPod (from `DependencyAsPod`)
  - DynamicFrameworkSample (from `DynamicFrameworkSample`)

EXTERNAL SOURCES:
  DependencyAsPod:
    :path: DependencyAsPod
  DynamicFrameworkSample:
    :path: DynamicFrameworkSample

SPEC CHECKSUMS:
  DependencyAsPod: e1fe748a3778c23264c787ed19a2db6df388eb0a
  DynamicFrameworkSample: 82f7748bf0f0b349a95a4b8b372eedf84e292b2d

PODFILE CHECKSUM: 902cc2c6519308be0a59d69f7548ff3b0fc18457

COCOAPODS: 1.16.2
