PODS:
  - DependencyAsPod (1.0.0)

DEPENDENCIES:
  - DependencyAsPod (from `../DependencyAsPod`)

EXTERNAL SOURCES:
  DependencyAsPod:
    :path: "../DependencyAsPod"

SPEC CHECKSUMS:
  DependencyAsPod: e1fe748a3778c23264c787ed19a2db6df388eb0a

PODFILE CHECKSUM: e9549c22be47f5df1c2973e6885a2a3137af6fb3

COCOAPODS: 1.16.2
